
Microsoft Visual Studio Solution File, Format Version 12.00
# Visual Studio Version 16
VisualStudioVersion = 16.0.29911.84
MinimumVisualStudioVersion = 10.0.40219.1
Project("{9A19103F-16F7-4668-BE54-9A1E7A4F7556}") = "DartTracker.Lib", "DartTracker.Lib\DartTracker.Lib.csproj", "{C6895E8C-BFED-467E-89B9-E9704F8A5114}"
EndProject
Project("{9A19103F-16F7-4668-BE54-9A1E7A4F7556}") = "DartTracker.Model", "DartTracker.Model\DartTracker.Model.csproj", "{BB99441E-9CC8-4C69-AA4A-50632DE3CDE0}"
EndProject
Project("{9A19103F-16F7-4668-BE54-9A1E7A4F7556}") = "DartTracker.Interface", "DartTracker.Interface\DartTracker.Interface.csproj", "{12224BC0-7D91-425D-AB30-C5D356BD5152}"
EndProject
Project("{9A19103F-16F7-4668-BE54-9A1E7A4F7556}") = "DartTracker.Lib.Test", "DartTracker.Lib.Test\DartTracker.Lib.Test.csproj", "{01E4BF58-6C37-43F8-BAF5-0358B4392BD9}"
EndProject
Project("{FAE04EC0-301F-11D3-BF4B-00C04F79EFBC}") = "DartTracker.Mobile.Android", "DartTracker.Mobile\DartTracker.Mobile.Android\DartTracker.Mobile.Android.csproj", "{71CCFC3C-4EBC-4940-8BDA-CEAAC87CD171}"
EndProject
Project("{FAE04EC0-301F-11D3-BF4B-00C04F79EFBC}") = "DartTracker.Mobile.iOS", "DartTracker.Mobile\DartTracker.Mobile.iOS\DartTracker.Mobile.iOS.csproj", "{18DC5CF1-8DBA-4243-9128-E36A3F8F223E}"
EndProject
Project("{9A19103F-16F7-4668-BE54-9A1E7A4F7556}") = "DartTracker.Mobile", "DartTracker.Mobile\DartTracker.Mobile\DartTracker.Mobile.csproj", "{74156EB2-F1DC-450A-B204-F8E1E3710706}"
EndProject
Project("{9A19103F-16F7-4668-BE54-9A1E7A4F7556}") = "DartTracker.Mobile.Interface", "DartTracker.Mobile.Interface\DartTracker.Mobile.Interface.csproj", "{E71C6A33-7B09-4046-A58C-F6BB128482F2}"
EndProject
Project("{2150E333-8FDC-42A3-9474-1A3956D46DE8}") = "CommonStandard", "CommonStandard", "{442FD093-B42F-4F9F-AA22-6C7F6EED5E69}"
EndProject
Project("{9A19103F-16F7-4668-BE54-9A1E7A4F7556}") = "CommonStandard.Interface", "..\CommonStandard\CommonStandard.Interface\CommonStandard.Interface.csproj", "{F961514F-324F-4E64-8FAD-17D4BB5C2870}"
EndProject
Project("{9A19103F-16F7-4668-BE54-9A1E7A4F7556}") = "DartTracker.Data", "DartTracker.Data\DartTracker.Data.csproj", "{59BC1A0E-3A5D-4932-9BF8-0515D0361CB8}"
EndProject
Project("{9A19103F-16F7-4668-BE54-9A1E7A4F7556}") = "CommonStandard", "..\CommonStandard\CommonStandard\CommonStandard.csproj", "{7F26DF3C-B724-4C27-960C-DB72DB6F4383}"
EndProject
Project("{9A19103F-16F7-4668-BE54-9A1E7A4F7556}") = "DartTracker.Data.Interface", "DartTracker.Data.Interface\DartTracker.Data.Interface.csproj", "{48EB5AF1-C3B2-454E-A5E5-E36F7C826FD6}"
EndProject
Project("{9A19103F-16F7-4668-BE54-9A1E7A4F7556}") = "DartTracker.Data.Model", "DartTracker.Data.Model\DartTracker.Data.Model.csproj", "{C2120F90-049F-493A-9B82-9653AFA5C686}"
EndProject
Project("{9A19103F-16F7-4668-BE54-9A1E7A4F7556}") = "CommonStandard.Math", "..\CommonStandard\CommonStandard.Math\CommonStandard.Math.csproj", "{6F5AEAFA-6E0B-438A-918D-62633C8E4024}"
EndProject
Project("{9A19103F-16F7-4668-BE54-9A1E7A4F7556}") = "CommonStandard.Models", "..\CommonStandard\CommonStandard.Models\CommonStandard.Models.csproj", "{DC9E23E2-22FC-41A3-BEFF-A1A1BC9A9577}"
EndProject
Global
	GlobalSection(SolutionConfigurationPlatforms) = preSolution
		Debug|Any CPU = Debug|Any CPU
		Debug|iPhone = Debug|iPhone
		Debug|iPhoneSimulator = Debug|iPhoneSimulator
		Release|Any CPU = Release|Any CPU
		Release|iPhone = Release|iPhone
		Release|iPhoneSimulator = Release|iPhoneSimulator
	EndGlobalSection
	GlobalSection(ProjectConfigurationPlatforms) = postSolution
		{C6895E8C-BFED-467E-89B9-E9704F8A5114}.Debug|Any CPU.ActiveCfg = Debug|Any CPU
		{C6895E8C-BFED-467E-89B9-E9704F8A5114}.Debug|Any CPU.Build.0 = Debug|Any CPU
		{C6895E8C-BFED-467E-89B9-E9704F8A5114}.Debug|iPhone.ActiveCfg = Debug|Any CPU
		{C6895E8C-BFED-467E-89B9-E9704F8A5114}.Debug|iPhone.Build.0 = Debug|Any CPU
		{C6895E8C-BFED-467E-89B9-E9704F8A5114}.Debug|iPhoneSimulator.ActiveCfg = Debug|Any CPU
		{C6895E8C-BFED-467E-89B9-E9704F8A5114}.Debug|iPhoneSimulator.Build.0 = Debug|Any CPU
		{C6895E8C-BFED-467E-89B9-E9704F8A5114}.Release|Any CPU.ActiveCfg = Release|Any CPU
		{C6895E8C-BFED-467E-89B9-E9704F8A5114}.Release|Any CPU.Build.0 = Release|Any CPU
		{C6895E8C-BFED-467E-89B9-E9704F8A5114}.Release|iPhone.ActiveCfg = Release|Any CPU
		{C6895E8C-BFED-467E-89B9-E9704F8A5114}.Release|iPhone.Build.0 = Release|Any CPU
		{C6895E8C-BFED-467E-89B9-E9704F8A5114}.Release|iPhoneSimulator.ActiveCfg = Release|Any CPU
		{C6895E8C-BFED-467E-89B9-E9704F8A5114}.Release|iPhoneSimulator.Build.0 = Release|Any CPU
		{BB99441E-9CC8-4C69-AA4A-50632DE3CDE0}.Debug|Any CPU.ActiveCfg = Debug|Any CPU
		{BB99441E-9CC8-4C69-AA4A-50632DE3CDE0}.Debug|Any CPU.Build.0 = Debug|Any CPU
		{BB99441E-9CC8-4C69-AA4A-50632DE3CDE0}.Debug|iPhone.ActiveCfg = Debug|Any CPU
		{BB99441E-9CC8-4C69-AA4A-50632DE3CDE0}.Debug|iPhone.Build.0 = Debug|Any CPU
		{BB99441E-9CC8-4C69-AA4A-50632DE3CDE0}.Debug|iPhoneSimulator.ActiveCfg = Debug|Any CPU
		{BB99441E-9CC8-4C69-AA4A-50632DE3CDE0}.Debug|iPhoneSimulator.Build.0 = Debug|Any CPU
		{BB99441E-9CC8-4C69-AA4A-50632DE3CDE0}.Release|Any CPU.ActiveCfg = Release|Any CPU
		{BB99441E-9CC8-4C69-AA4A-50632DE3CDE0}.Release|Any CPU.Build.0 = Release|Any CPU
		{BB99441E-9CC8-4C69-AA4A-50632DE3CDE0}.Release|iPhone.ActiveCfg = Release|Any CPU
		{BB99441E-9CC8-4C69-AA4A-50632DE3CDE0}.Release|iPhone.Build.0 = Release|Any CPU
		{BB99441E-9CC8-4C69-AA4A-50632DE3CDE0}.Release|iPhoneSimulator.ActiveCfg = Release|Any CPU
		{BB99441E-9CC8-4C69-AA4A-50632DE3CDE0}.Release|iPhoneSimulator.Build.0 = Release|Any CPU
		{12224BC0-7D91-425D-AB30-C5D356BD5152}.Debug|Any CPU.ActiveCfg = Debug|Any CPU
		{12224BC0-7D91-425D-AB30-C5D356BD5152}.Debug|Any CPU.Build.0 = Debug|Any CPU
		{12224BC0-7D91-425D-AB30-C5D356BD5152}.Debug|iPhone.ActiveCfg = Debug|Any CPU
		{12224BC0-7D91-425D-AB30-C5D356BD5152}.Debug|iPhone.Build.0 = Debug|Any CPU
		{12224BC0-7D91-425D-AB30-C5D356BD5152}.Debug|iPhoneSimulator.ActiveCfg = Debug|Any CPU
		{12224BC0-7D91-425D-AB30-C5D356BD5152}.Debug|iPhoneSimulator.Build.0 = Debug|Any CPU
		{12224BC0-7D91-425D-AB30-C5D356BD5152}.Release|Any CPU.ActiveCfg = Release|Any CPU
		{12224BC0-7D91-425D-AB30-C5D356BD5152}.Release|Any CPU.Build.0 = Release|Any CPU
		{12224BC0-7D91-425D-AB30-C5D356BD5152}.Release|iPhone.ActiveCfg = Release|Any CPU
		{12224BC0-7D91-425D-AB30-C5D356BD5152}.Release|iPhone.Build.0 = Release|Any CPU
		{12224BC0-7D91-425D-AB30-C5D356BD5152}.Release|iPhoneSimulator.ActiveCfg = Release|Any CPU
		{12224BC0-7D91-425D-AB30-C5D356BD5152}.Release|iPhoneSimulator.Build.0 = Release|Any CPU
		{01E4BF58-6C37-43F8-BAF5-0358B4392BD9}.Debug|Any CPU.ActiveCfg = Debug|Any CPU
		{01E4BF58-6C37-43F8-BAF5-0358B4392BD9}.Debug|Any CPU.Build.0 = Debug|Any CPU
		{01E4BF58-6C37-43F8-BAF5-0358B4392BD9}.Debug|iPhone.ActiveCfg = Debug|Any CPU
		{01E4BF58-6C37-43F8-BAF5-0358B4392BD9}.Debug|iPhone.Build.0 = Debug|Any CPU
		{01E4BF58-6C37-43F8-BAF5-0358B4392BD9}.Debug|iPhoneSimulator.ActiveCfg = Debug|Any CPU
		{01E4BF58-6C37-43F8-BAF5-0358B4392BD9}.Debug|iPhoneSimulator.Build.0 = Debug|Any CPU
		{01E4BF58-6C37-43F8-BAF5-0358B4392BD9}.Release|Any CPU.ActiveCfg = Release|Any CPU
		{01E4BF58-6C37-43F8-BAF5-0358B4392BD9}.Release|Any CPU.Build.0 = Release|Any CPU
		{01E4BF58-6C37-43F8-BAF5-0358B4392BD9}.Release|iPhone.ActiveCfg = Release|Any CPU
		{01E4BF58-6C37-43F8-BAF5-0358B4392BD9}.Release|iPhone.Build.0 = Release|Any CPU
		{01E4BF58-6C37-43F8-BAF5-0358B4392BD9}.Release|iPhoneSimulator.ActiveCfg = Release|Any CPU
		{01E4BF58-6C37-43F8-BAF5-0358B4392BD9}.Release|iPhoneSimulator.Build.0 = Release|Any CPU
		{71CCFC3C-4EBC-4940-8BDA-CEAAC87CD171}.Debug|Any CPU.ActiveCfg = Debug|Any CPU
		{71CCFC3C-4EBC-4940-8BDA-CEAAC87CD171}.Debug|Any CPU.Build.0 = Debug|Any CPU
		{71CCFC3C-4EBC-4940-8BDA-CEAAC87CD171}.Debug|Any CPU.Deploy.0 = Debug|Any CPU
		{71CCFC3C-4EBC-4940-8BDA-CEAAC87CD171}.Debug|iPhone.ActiveCfg = Debug|Any CPU
		{71CCFC3C-4EBC-4940-8BDA-CEAAC87CD171}.Debug|iPhone.Build.0 = Debug|Any CPU
		{71CCFC3C-4EBC-4940-8BDA-CEAAC87CD171}.Debug|iPhone.Deploy.0 = Debug|Any CPU
		{71CCFC3C-4EBC-4940-8BDA-CEAAC87CD171}.Debug|iPhoneSimulator.ActiveCfg = Debug|Any CPU
		{71CCFC3C-4EBC-4940-8BDA-CEAAC87CD171}.Debug|iPhoneSimulator.Build.0 = Debug|Any CPU
		{71CCFC3C-4EBC-4940-8BDA-CEAAC87CD171}.Debug|iPhoneSimulator.Deploy.0 = Debug|Any CPU
		{71CCFC3C-4EBC-4940-8BDA-CEAAC87CD171}.Release|Any CPU.ActiveCfg = Release|Any CPU
		{71CCFC3C-4EBC-4940-8BDA-CEAAC87CD171}.Release|Any CPU.Build.0 = Release|Any CPU
		{71CCFC3C-4EBC-4940-8BDA-CEAAC87CD171}.Release|Any CPU.Deploy.0 = Release|Any CPU
		{71CCFC3C-4EBC-4940-8BDA-CEAAC87CD171}.Release|iPhone.ActiveCfg = Release|Any CPU
		{71CCFC3C-4EBC-4940-8BDA-CEAAC87CD171}.Release|iPhone.Build.0 = Release|Any CPU
		{71CCFC3C-4EBC-4940-8BDA-CEAAC87CD171}.Release|iPhone.Deploy.0 = Release|Any CPU
		{71CCFC3C-4EBC-4940-8BDA-CEAAC87CD171}.Release|iPhoneSimulator.ActiveCfg = Release|Any CPU
		{71CCFC3C-4EBC-4940-8BDA-CEAAC87CD171}.Release|iPhoneSimulator.Build.0 = Release|Any CPU
		{71CCFC3C-4EBC-4940-8BDA-CEAAC87CD171}.Release|iPhoneSimulator.Deploy.0 = Release|Any CPU
		{18DC5CF1-8DBA-4243-9128-E36A3F8F223E}.Debug|Any CPU.ActiveCfg = Debug|iPhone
		{18DC5CF1-8DBA-4243-9128-E36A3F8F223E}.Debug|iPhone.ActiveCfg = Debug|iPhone
		{18DC5CF1-8DBA-4243-9128-E36A3F8F223E}.Debug|iPhone.Build.0 = Debug|iPhone
		{18DC5CF1-8DBA-4243-9128-E36A3F8F223E}.Debug|iPhoneSimulator.ActiveCfg = Debug|iPhoneSimulator
		{18DC5CF1-8DBA-4243-9128-E36A3F8F223E}.Debug|iPhoneSimulator.Build.0 = Debug|iPhoneSimulator
		{18DC5CF1-8DBA-4243-9128-E36A3F8F223E}.Release|Any CPU.ActiveCfg = Release|iPhone
		{18DC5CF1-8DBA-4243-9128-E36A3F8F223E}.Release|iPhone.ActiveCfg = Release|iPhone
		{18DC5CF1-8DBA-4243-9128-E36A3F8F223E}.Release|iPhone.Build.0 = Release|iPhone
		{18DC5CF1-8DBA-4243-9128-E36A3F8F223E}.Release|iPhoneSimulator.ActiveCfg = Release|iPhoneSimulator
		{18DC5CF1-8DBA-4243-9128-E36A3F8F223E}.Release|iPhoneSimulator.Build.0 = Release|iPhoneSimulator
		{74156EB2-F1DC-450A-B204-F8E1E3710706}.Debug|Any CPU.ActiveCfg = Debug|Any CPU
		{74156EB2-F1DC-450A-B204-F8E1E3710706}.Debug|Any CPU.Build.0 = Debug|Any CPU
		{74156EB2-F1DC-450A-B204-F8E1E3710706}.Debug|iPhone.ActiveCfg = Debug|Any CPU
		{74156EB2-F1DC-450A-B204-F8E1E3710706}.Debug|iPhone.Build.0 = Debug|Any CPU
		{74156EB2-F1DC-450A-B204-F8E1E3710706}.Debug|iPhoneSimulator.ActiveCfg = Debug|Any CPU
		{74156EB2-F1DC-450A-B204-F8E1E3710706}.Debug|iPhoneSimulator.Build.0 = Debug|Any CPU
		{74156EB2-F1DC-450A-B204-F8E1E3710706}.Release|Any CPU.ActiveCfg = Release|Any CPU
		{74156EB2-F1DC-450A-B204-F8E1E3710706}.Release|Any CPU.Build.0 = Release|Any CPU
		{74156EB2-F1DC-450A-B204-F8E1E3710706}.Release|iPhone.ActiveCfg = Release|Any CPU
		{74156EB2-F1DC-450A-B204-F8E1E3710706}.Release|iPhone.Build.0 = Release|Any CPU
		{74156EB2-F1DC-450A-B204-F8E1E3710706}.Release|iPhoneSimulator.ActiveCfg = Release|Any CPU
		{74156EB2-F1DC-450A-B204-F8E1E3710706}.Release|iPhoneSimulator.Build.0 = Release|Any CPU
		{E71C6A33-7B09-4046-A58C-F6BB128482F2}.Debug|Any CPU.ActiveCfg = Debug|Any CPU
		{E71C6A33-7B09-4046-A58C-F6BB128482F2}.Debug|Any CPU.Build.0 = Debug|Any CPU
		{E71C6A33-7B09-4046-A58C-F6BB128482F2}.Debug|iPhone.ActiveCfg = Debug|Any CPU
		{E71C6A33-7B09-4046-A58C-F6BB128482F2}.Debug|iPhone.Build.0 = Debug|Any CPU
		{E71C6A33-7B09-4046-A58C-F6BB128482F2}.Debug|iPhoneSimulator.ActiveCfg = Debug|Any CPU
		{E71C6A33-7B09-4046-A58C-F6BB128482F2}.Debug|iPhoneSimulator.Build.0 = Debug|Any CPU
		{E71C6A33-7B09-4046-A58C-F6BB128482F2}.Release|Any CPU.ActiveCfg = Release|Any CPU
		{E71C6A33-7B09-4046-A58C-F6BB128482F2}.Release|Any CPU.Build.0 = Release|Any CPU
		{E71C6A33-7B09-4046-A58C-F6BB128482F2}.Release|iPhone.ActiveCfg = Release|Any CPU
		{E71C6A33-7B09-4046-A58C-F6BB128482F2}.Release|iPhone.Build.0 = Release|Any CPU
		{E71C6A33-7B09-4046-A58C-F6BB128482F2}.Release|iPhoneSimulator.ActiveCfg = Release|Any CPU
		{E71C6A33-7B09-4046-A58C-F6BB128482F2}.Release|iPhoneSimulator.Build.0 = Release|Any CPU
		{F961514F-324F-4E64-8FAD-17D4BB5C2870}.Debug|Any CPU.ActiveCfg = Debug|Any CPU
		{F961514F-324F-4E64-8FAD-17D4BB5C2870}.Debug|Any CPU.Build.0 = Debug|Any CPU
		{F961514F-324F-4E64-8FAD-17D4BB5C2870}.Debug|iPhone.ActiveCfg = Debug|Any CPU
		{F961514F-324F-4E64-8FAD-17D4BB5C2870}.Debug|iPhone.Build.0 = Debug|Any CPU
		{F961514F-324F-4E64-8FAD-17D4BB5C2870}.Debug|iPhoneSimulator.ActiveCfg = Debug|Any CPU
		{F961514F-324F-4E64-8FAD-17D4BB5C2870}.Debug|iPhoneSimulator.Build.0 = Debug|Any CPU
		{F961514F-324F-4E64-8FAD-17D4BB5C2870}.Release|Any CPU.ActiveCfg = Release|Any CPU
		{F961514F-324F-4E64-8FAD-17D4BB5C2870}.Release|Any CPU.Build.0 = Release|Any CPU
		{F961514F-324F-4E64-8FAD-17D4BB5C2870}.Release|iPhone.ActiveCfg = Release|Any CPU
		{F961514F-324F-4E64-8FAD-17D4BB5C2870}.Release|iPhone.Build.0 = Release|Any CPU
		{F961514F-324F-4E64-8FAD-17D4BB5C2870}.Release|iPhoneSimulator.ActiveCfg = Release|Any CPU
		{F961514F-324F-4E64-8FAD-17D4BB5C2870}.Release|iPhoneSimulator.Build.0 = Release|Any CPU
		{59BC1A0E-3A5D-4932-9BF8-0515D0361CB8}.Debug|Any CPU.ActiveCfg = Debug|Any CPU
		{59BC1A0E-3A5D-4932-9BF8-0515D0361CB8}.Debug|Any CPU.Build.0 = Debug|Any CPU
		{59BC1A0E-3A5D-4932-9BF8-0515D0361CB8}.Debug|iPhone.ActiveCfg = Debug|Any CPU
		{59BC1A0E-3A5D-4932-9BF8-0515D0361CB8}.Debug|iPhone.Build.0 = Debug|Any CPU
		{59BC1A0E-3A5D-4932-9BF8-0515D0361CB8}.Debug|iPhoneSimulator.ActiveCfg = Debug|Any CPU
		{59BC1A0E-3A5D-4932-9BF8-0515D0361CB8}.Debug|iPhoneSimulator.Build.0 = Debug|Any CPU
		{59BC1A0E-3A5D-4932-9BF8-0515D0361CB8}.Release|Any CPU.ActiveCfg = Release|Any CPU
		{59BC1A0E-3A5D-4932-9BF8-0515D0361CB8}.Release|Any CPU.Build.0 = Release|Any CPU
		{59BC1A0E-3A5D-4932-9BF8-0515D0361CB8}.Release|iPhone.ActiveCfg = Release|Any CPU
		{59BC1A0E-3A5D-4932-9BF8-0515D0361CB8}.Release|iPhone.Build.0 = Release|Any CPU
		{59BC1A0E-3A5D-4932-9BF8-0515D0361CB8}.Release|iPhoneSimulator.ActiveCfg = Release|Any CPU
		{59BC1A0E-3A5D-4932-9BF8-0515D0361CB8}.Release|iPhoneSimulator.Build.0 = Release|Any CPU
		{7F26DF3C-B724-4C27-960C-DB72DB6F4383}.Debug|Any CPU.ActiveCfg = Debug|Any CPU
		{7F26DF3C-B724-4C27-960C-DB72DB6F4383}.Debug|Any CPU.Build.0 = Debug|Any CPU
		{7F26DF3C-B724-4C27-960C-DB72DB6F4383}.Debug|iPhone.ActiveCfg = Debug|Any CPU
		{7F26DF3C-B724-4C27-960C-DB72DB6F4383}.Debug|iPhone.Build.0 = Debug|Any CPU
		{7F26DF3C-B724-4C27-960C-DB72DB6F4383}.Debug|iPhoneSimulator.ActiveCfg = Debug|Any CPU
		{7F26DF3C-B724-4C27-960C-DB72DB6F4383}.Debug|iPhoneSimulator.Build.0 = Debug|Any CPU
		{7F26DF3C-B724-4C27-960C-DB72DB6F4383}.Release|Any CPU.ActiveCfg = Release|Any CPU
		{7F26DF3C-B724-4C27-960C-DB72DB6F4383}.Release|Any CPU.Build.0 = Release|Any CPU
		{7F26DF3C-B724-4C27-960C-DB72DB6F4383}.Release|iPhone.ActiveCfg = Release|Any CPU
		{7F26DF3C-B724-4C27-960C-DB72DB6F4383}.Release|iPhone.Build.0 = Release|Any CPU
		{7F26DF3C-B724-4C27-960C-DB72DB6F4383}.Release|iPhoneSimulator.ActiveCfg = Release|Any CPU
		{7F26DF3C-B724-4C27-960C-DB72DB6F4383}.Release|iPhoneSimulator.Build.0 = Release|Any CPU
		{48EB5AF1-C3B2-454E-A5E5-E36F7C826FD6}.Debug|Any CPU.ActiveCfg = Debug|Any CPU
		{48EB5AF1-C3B2-454E-A5E5-E36F7C826FD6}.Debug|Any CPU.Build.0 = Debug|Any CPU
		{48EB5AF1-C3B2-454E-A5E5-E36F7C826FD6}.Debug|iPhone.ActiveCfg = Debug|Any CPU
		{48EB5AF1-C3B2-454E-A5E5-E36F7C826FD6}.Debug|iPhone.Build.0 = Debug|Any CPU
		{48EB5AF1-C3B2-454E-A5E5-E36F7C826FD6}.Debug|iPhoneSimulator.ActiveCfg = Debug|Any CPU
		{48EB5AF1-C3B2-454E-A5E5-E36F7C826FD6}.Debug|iPhoneSimulator.Build.0 = Debug|Any CPU
		{48EB5AF1-C3B2-454E-A5E5-E36F7C826FD6}.Release|Any CPU.ActiveCfg = Release|Any CPU
		{48EB5AF1-C3B2-454E-A5E5-E36F7C826FD6}.Release|Any CPU.Build.0 = Release|Any CPU
		{48EB5AF1-C3B2-454E-A5E5-E36F7C826FD6}.Release|iPhone.ActiveCfg = Release|Any CPU
		{48EB5AF1-C3B2-454E-A5E5-E36F7C826FD6}.Release|iPhone.Build.0 = Release|Any CPU
		{48EB5AF1-C3B2-454E-A5E5-E36F7C826FD6}.Release|iPhoneSimulator.ActiveCfg = Release|Any CPU
		{48EB5AF1-C3B2-454E-A5E5-E36F7C826FD6}.Release|iPhoneSimulator.Build.0 = Release|Any CPU
		{C2120F90-049F-493A-9B82-9653AFA5C686}.Debug|Any CPU.ActiveCfg = Debug|Any CPU
		{C2120F90-049F-493A-9B82-9653AFA5C686}.Debug|Any CPU.Build.0 = Debug|Any CPU
		{C2120F90-049F-493A-9B82-9653AFA5C686}.Debug|iPhone.ActiveCfg = Debug|Any CPU
		{C2120F90-049F-493A-9B82-9653AFA5C686}.Debug|iPhone.Build.0 = Debug|Any CPU
		{C2120F90-049F-493A-9B82-9653AFA5C686}.Debug|iPhoneSimulator.ActiveCfg = Debug|Any CPU
		{C2120F90-049F-493A-9B82-9653AFA5C686}.Debug|iPhoneSimulator.Build.0 = Debug|Any CPU
		{C2120F90-049F-493A-9B82-9653AFA5C686}.Release|Any CPU.ActiveCfg = Release|Any CPU
		{C2120F90-049F-493A-9B82-9653AFA5C686}.Release|Any CPU.Build.0 = Release|Any CPU
		{C2120F90-049F-493A-9B82-9653AFA5C686}.Release|iPhone.ActiveCfg = Release|Any CPU
		{C2120F90-049F-493A-9B82-9653AFA5C686}.Release|iPhone.Build.0 = Release|Any CPU
		{C2120F90-049F-493A-9B82-9653AFA5C686}.Release|iPhoneSimulator.ActiveCfg = Release|Any CPU
		{C2120F90-049F-493A-9B82-9653AFA5C686}.Release|iPhoneSimulator.Build.0 = Release|Any CPU
		{6F5AEAFA-6E0B-438A-918D-62633C8E4024}.Debug|Any CPU.ActiveCfg = Debug|Any CPU
		{6F5AEAFA-6E0B-438A-918D-62633C8E4024}.Debug|Any CPU.Build.0 = Debug|Any CPU
		{6F5AEAFA-6E0B-438A-918D-62633C8E4024}.Debug|iPhone.ActiveCfg = Debug|Any CPU
		{6F5AEAFA-6E0B-438A-918D-62633C8E4024}.Debug|iPhone.Build.0 = Debug|Any CPU
		{6F5AEAFA-6E0B-438A-918D-62633C8E4024}.Debug|iPhoneSimulator.ActiveCfg = Debug|Any CPU
		{6F5AEAFA-6E0B-438A-918D-62633C8E4024}.Debug|iPhoneSimulator.Build.0 = Debug|Any CPU
		{6F5AEAFA-6E0B-438A-918D-62633C8E4024}.Release|Any CPU.ActiveCfg = Release|Any CPU
		{6F5AEAFA-6E0B-438A-918D-62633C8E4024}.Release|Any CPU.Build.0 = Release|Any CPU
		{6F5AEAFA-6E0B-438A-918D-62633C8E4024}.Release|iPhone.ActiveCfg = Release|Any CPU
		{6F5AEAFA-6E0B-438A-918D-62633C8E4024}.Release|iPhone.Build.0 = Release|Any CPU
		{6F5AEAFA-6E0B-438A-918D-62633C8E4024}.Release|iPhoneSimulator.ActiveCfg = Release|Any CPU
		{6F5AEAFA-6E0B-438A-918D-62633C8E4024}.Release|iPhoneSimulator.Build.0 = Release|Any CPU
		{DC9E23E2-22FC-41A3-BEFF-A1A1BC9A9577}.Debug|Any CPU.ActiveCfg = Debug|Any CPU
		{DC9E23E2-22FC-41A3-BEFF-A1A1BC9A9577}.Debug|Any CPU.Build.0 = Debug|Any CPU
		{DC9E23E2-22FC-41A3-BEFF-A1A1BC9A9577}.Debug|iPhone.ActiveCfg = Debug|Any CPU
		{DC9E23E2-22FC-41A3-BEFF-A1A1BC9A9577}.Debug|iPhone.Build.0 = Debug|Any CPU
		{DC9E23E2-22FC-41A3-BEFF-A1A1BC9A9577}.Debug|iPhoneSimulator.ActiveCfg = Debug|Any CPU
		{DC9E23E2-22FC-41A3-BEFF-A1A1BC9A9577}.Debug|iPhoneSimulator.Build.0 = Debug|Any CPU
		{DC9E23E2-22FC-41A3-BEFF-A1A1BC9A9577}.Release|Any CPU.ActiveCfg = Release|Any CPU
		{DC9E23E2-22FC-41A3-BEFF-A1A1BC9A9577}.Release|Any CPU.Build.0 = Release|Any CPU
		{DC9E23E2-22FC-41A3-BEFF-A1A1BC9A9577}.Release|iPhone.ActiveCfg = Release|Any CPU
		{DC9E23E2-22FC-41A3-BEFF-A1A1BC9A9577}.Release|iPhone.Build.0 = Release|Any CPU
		{DC9E23E2-22FC-41A3-BEFF-A1A1BC9A9577}.Release|iPhoneSimulator.ActiveCfg = Release|Any CPU
		{DC9E23E2-22FC-41A3-BEFF-A1A1BC9A9577}.Release|iPhoneSimulator.Build.0 = Release|Any CPU
	EndGlobalSection
	GlobalSection(SolutionProperties) = preSolution
		HideSolutionNode = FALSE
	EndGlobalSection
	GlobalSection(NestedProjects) = preSolution
		{F961514F-324F-4E64-8FAD-17D4BB5C2870} = {442FD093-B42F-4F9F-AA22-6C7F6EED5E69}
		{7F26DF3C-B724-4C27-960C-DB72DB6F4383} = {442FD093-B42F-4F9F-AA22-6C7F6EED5E69}
		{6F5AEAFA-6E0B-438A-918D-62633C8E4024} = {442FD093-B42F-4F9F-AA22-6C7F6EED5E69}
		{DC9E23E2-22FC-41A3-BEFF-A1A1BC9A9577} = {442FD093-B42F-4F9F-AA22-6C7F6EED5E69}
	EndGlobalSection
	GlobalSection(ExtensibilityGlobals) = postSolution
		SolutionGuid = {AB49D66B-C854-4357-953D-616D6D89CEC9}
	EndGlobalSection
EndGlobal
